
Microsoft Visual Studio Solution File, Format Version 12.00
# Visual Studio Version 17
VisualStudioVersion = 17.7.34031.279
MinimumVisualStudioVersion = 10.0.40219.1
Project("{FAE04EC0-301F-11D3-BF4B-00C04F79EFBC}") = "ZPlusGameTests", "ZPlusGameTests\ZPlusGameTests.csproj", "{2DECE231-18F9-41E4-90CE-2E21C6C41DD8}"
EndProject
Global
	GlobalSection(SolutionConfigurationPlatforms) = preSolution
		Debug|Any CPU = Debug|Any CPU
		Release|Any CPU = Release|Any CPU
	EndGlobalSection
	GlobalSection(ProjectConfigurationPlatforms) = postSolution
		{2DECE231-18F9-41E4-90CE-2E21C6C41DD8}.Debug|Any CPU.ActiveCfg = Debug|Any CPU
		{2DECE231-18F9-41E4-90CE-2E21C6C41DD8}.Debug|Any CPU.Build.0 = Debug|Any CPU
		{2DECE231-18F9-41E4-90CE-2E21C6C41DD8}.Release|Any CPU.ActiveCfg = Release|Any CPU
		{2DECE231-18F9-41E4-90CE-2E21C6C41DD8}.Release|Any CPU.Build.0 = Release|Any CPU
	EndGlobalSection
	GlobalSection(SolutionProperties) = preSolution
		HideSolutionNode = FALSE
	EndGlobalSection
	GlobalSection(ExtensibilityGlobals) = postSolution
		SolutionGuid = {6C7CC30B-5E40-4790-A77F-56E42774EE86}
	EndGlobalSection
EndGlobal
